Microsoft Visual Studio Solution File, Format Version 12.00
Project("{9A19103F-16F7-4668-BE54-9A1E7A4F7556}") = "efcore_transactions", "source\App\efcore_transactions.csproj", "{2A5A4607-FE45-4E3D-99B3-2AB776FB8677}"
EndProject
Global
	GlobalSection(SolutionConfigurationPlatforms) = preSolution
		Debug|Any CPU = Debug|Any CPU
		Release|Any CPU = Release|Any CPU
	EndGlobalSection
	GlobalSection(ProjectConfigurationPlatforms) = postSolution
		{2A5A4607-FE45-4E3D-99B3-2AB776FB8677}.Debug|Any CPU.ActiveCfg = Debug|Any CPU
		{2A5A4607-FE45-4E3D-99B3-2AB776FB8677}.Debug|Any CPU.Build.0 = Debug|Any CPU
		{2A5A4607-FE45-4E3D-99B3-2AB776FB8677}.Release|Any CPU.ActiveCfg = Release|Any CPU
		{2A5A4607-FE45-4E3D-99B3-2AB776FB8677}.Release|Any CPU.Build.0 = Release|Any CPU
	EndGlobalSection
	GlobalSection(SolutionProperties) = preSolution
		HideSolutionNode = FALSE
	EndGlobalSection
	GlobalSection(ExtensibilityGlobals) = postSolution
		SolutionGuid = {1CCC5E40-8042-4528-B0EB-0C14C460F274}
	EndGlobalSection
EndGlobal
